// !$*UTF8*$!
{
	archiveVersion = 1;
	classes = {
	};
	objectVersion = 55;
	objects = {

/* Begin PBXBuildFile section */
		84B00933290F9DF4008208C5 /* AppDelegate.swift in Sources */ = {isa = PBXBuildFile; fileRef = 84B00932290F9DF4008208C5 /* AppDelegate.swift */; };
		84B00935290F9DF4008208C5 /* SceneDelegate.swift in Sources */ = {isa = PBXBuildFile; fileRef = 84B00934290F9DF4008208C5 /* SceneDelegate.swift */; };
		84B00937290F9DF4008208C5 /* ViewController.swift in Sources */ = {isa = PBXBuildFile; fileRef = 84B00936290F9DF4008208C5 /* ViewController.swift */; };
		84B0093A290F9DF4008208C5 /* Main.storyboard in Resources */ = {isa = PBXBuildFile; fileRef = 84B00938290F9DF4008208C5 /* Main.storyboard */; };
		84B0093C290F9DF4008208C5 /* Assets.xcassets in Resources */ = {isa = PBXBuildFile; fileRef = 84B0093B290F9DF4008208C5 /* Assets.xcassets */; };
		84B0093F290F9DF4008208C5 /* LaunchScreen.storyboard in Resources */ = {isa = PBXBuildFile; fileRef = 84B0093D290F9DF4008208C5 /* LaunchScreen.storyboard */; };
		84B00947290FAF17008208C5 /* cat.jpeg in Resources */ = {isa = PBXBuildFile; fileRef = 84B00946290FAF17008208C5 /* cat.jpeg */; };
		84B00949290FC960008208C5 /* dog.jpeg in Resources */ = {isa = PBXBuildFile; fileRef = 84B00948290FC960008208C5 /* dog.jpeg */; };
		84B0094B290FCB1D008208C5 /* fish.jpeg in Resources */ = {isa = PBXBuildFile; fileRef = 84B0094A290FCB1D008208C5 /* fish.jpeg */; };
		84B0094D290FCD63008208C5 /* bird.jpeg in Resources */ = {isa = PBXBuildFile; fileRef = 84B0094C290FCD62008208C5 /* bird.jpeg */; };
/* End PBXBuildFile section */

/* Begin PBXFileReference section */
		84B0092F290F9DF4008208C5 /* constrainCode.app */ = {isa = PBXFileReference; explicitFileType = wrapper.application; includeInIndex = 0; path = constrainCode.app; sourceTree = BUILT_PRODUCTS_DIR; };
		84B00932290F9DF4008208C5 /* AppDelegate.swift */ = {isa = PBXFileReference; lastKnownFileType = sourcecode.swift; path = AppDelegate.swift; sourceTree = "<group>"; };
		84B00934290F9DF4008208C5 /* SceneDelegate.swift */ = {isa = PBXFileReference; lastKnownFileType = sourcecode.swift; path = SceneDelegate.swift; sourceTree = "<group>"; };
		84B00936290F9DF4008208C5 /* ViewController.swift */ = {isa = PBXFileReference; lastKnownFileType = sourcecode.swift; path = ViewController.swift; sourceTree = "<group>"; };
		84B00939290F9DF4008208C5 /* Base */ = {isa = PBXFileReference; lastKnownFileType = file.storyboard; name = Base; path = Base.lproj/Main.storyboard; sourceTree = "<group>"; };
		84B0093B290F9DF4008208C5 /* Assets.xcassets */ = {isa = PBXFileReference; lastKnownFileType = folder.assetcatalog; path = Assets.xcassets; sourceTree = "<group>"; };
		84B0093E290F9DF4008208C5 /* Base */ = {isa = PBXFileReference; lastKnownFileType = file.storyboard; name = Base; path = Base.lproj/LaunchScreen.storyboard; sourceTree = "<group>"; };
		84B00940290F9DF4008208C5 /* Info.plist */ = {isa = PBXFileReference; lastKnownFileType = text.plist.xml; path = Info.plist; sourceTree = "<group>"; };
		84B00946290FAF17008208C5 /* cat.jpeg */ = {isa = PBXFileReference; lastKnownFileType = image.jpeg; path = cat.jpeg; sourceTree = "<group>"; };
		84B00948290FC960008208C5 /* dog.jpeg */ = {isa = PBXFileReference; lastKnownFileType = image.jpeg; path = dog.jpeg; sourceTree = "<group>"; };
		84B0094A290FCB1D008208C5 /* fish.jpeg */ = {isa = PBXFileReference; lastKnownFileType = image.jpeg; path = fish.jpeg; sourceTree = "<group>"; };
		84B0094C290FCD62008208C5 /* bird.jpeg */ = {isa = PBXFileReference; lastKnownFileType = image.jpeg; path = bird.jpeg; sourceTree = "<group>"; };
/* End PBXFileReference section */

/* Begin PBXFrameworksBuildPhase section */
		84B0092C290F9DF4008208C5 /* Frameworks */ = {
			isa = PBXFrameworksBuildPhase;
			buildActionMask = 2147483647;
			files = (
			);
			runOnlyForDeploymentPostprocessing = 0;
		};
/* End PBXFrameworksBuildPhase section */

/* Begin PBXGroup section */
		84B00926290F9DF4008208C5 = {
			isa = PBXGroup;
			children = (
				84B00931290F9DF4008208C5 /* constrainCode */,
				84B00930290F9DF4008208C5 /* Products */,
			);
			sourceTree = "<group>";
		};
		84B00930290F9DF4008208C5 /* Products */ = {
			isa = PBXGroup;
			children = (
				84B0092F290F9DF4008208C5 /* constrainCode.app */,
			);
			name = Products;
			sourceTree = "<group>";
		};
		84B00931290F9DF4008208C5 /* constrainCode */ = {
			isa = PBXGroup;
			children = (
				84B0094C290FCD62008208C5 /* bird.jpeg */,
				84B0094A290FCB1D008208C5 /* fish.jpeg */,
				84B00948290FC960008208C5 /* dog.jpeg */,
				84B00946290FAF17008208C5 /* cat.jpeg */,
				84B00932290F9DF4008208C5 /* AppDelegate.swift */,
				84B00934290F9DF4008208C5 /* SceneDelegate.swift */,
				84B00936290F9DF4008208C5 /* ViewController.swift */,
				84B00938290F9DF4008208C5 /* Main.storyboard */,
				84B0093B290F9DF4008208C5 /* Assets.xcassets */,
				84B0093D290F9DF4008208C5 /* LaunchScreen.storyboard */,
				84B00940290F9DF4008208C5 /* Info.plist */,
			);
			path = constrainCode;
			sourceTree = "<group>";
		};
/* End PBXGroup section */

/* Begin PBXNativeTarget section */
		84B0092E290F9DF4008208C5 /* constrainCode */ = {
			isa = PBXNativeTarget;
			buildConfigurationList = 84B00943290F9DF4008208C5 /* Build configuration list for PBXNativeTarget "constrainCode" */;
			buildPhases = (
				84B0092B290F9DF4008208C5 /* Sources */,
				84B0092C290F9DF4008208C5 /* Frameworks */,
				84B0092D290F9DF4008208C5 /* Resources */,
			);
			buildRules = (
			);
			dependencies = (
			);
			name = constrainCode;
			productName = constrainCode;
			productReference = 84B0092F290F9DF4008208C5 /* constrainCode.app */;
			productType = "com.apple.product-type.application";
		};
/* End PBXNativeTarget section */

/* Begin PBXProject section */
		84B00927290F9DF4008208C5 /* Project object */ = {
			isa = PBXProject;
			attributes = {
				BuildIndependentTargetsInParallel = 1;
				LastSwiftUpdateCheck = 1340;
				LastUpgradeCheck = 1340;
				TargetAttributes = {
					84B0092E290F9DF4008208C5 = {
						CreatedOnToolsVersion = 13.4.1;
					};
				};
			};
			buildConfigurationList = 84B0092A290F9DF4008208C5 /* Build configuration list for PBXProject "constrainCode" */;
			compatibilityVersion = "Xcode 13.0";
			developmentRegion = en;
			hasScannedForEncodings = 0;
			knownRegions = (
				en,
				Base,
			);
			mainGroup = 84B00926290F9DF4008208C5;
			productRefGroup = 84B00930290F9DF4008208C5 /* Products */;
			projectDirPath = "";
			projectRoot = "";
			targets = (
				84B0092E290F9DF4008208C5 /* constrainCode */,
			);
		};
/* End PBXProject section */

/* Begin PBXResourcesBuildPhase section */
		84B0092D290F9DF4008208C5 /* Resources */ = {
			isa = PBXResourcesBuildPhase;
			buildActionMask = 2147483647;
			files = (
				84B00949290FC960008208C5 /* dog.jpeg in Resources */,
				84B00947290FAF17008208C5 /* cat.jpeg in Resources */,
				84B0093F290F9DF4008208C5 /* LaunchScreen.storyboard in Resources */,
				84B0094B290FCB1D008208C5 /* fish.jpeg in Resources */,
				84B0093C290F9DF4008208C5 /* Assets.xcassets in Resources */,
				84B0093A290F9DF4008208C5 /* Main.storyboard in Resources */,
				84B0094D290FCD63008208C5 /* bird.jpeg in Resources */,
			);
			runOnlyForDeploymentPostprocessing = 0;
		};
/* End PBXResourcesBuildPhase section */

/* Begin PBXSourcesBuildPhase section */
		84B0092B290F9DF4008208C5 /* Sources */ = {
			isa = PBXSourcesBuildPhase;
			buildActionMask = 2147483647;
			files = (
				84B00937290F9DF4008208C5 /* ViewController.swift in Sources */,
				84B00933290F9DF4008208C5 /* AppDelegate.swift in Sources */,
				84B00935290F9DF4008208C5 /* SceneDelegate.swift in Sources */,
			);
			runOnlyForDeploymentPostprocessing = 0;
		};
/* End PBXSourcesBuildPhase section */

/* Begin PBXVariantGroup section */
		84B00938290F9DF4008208C5 /* Main.storyboard */ = {
			isa = PBXVariantGroup;
			children = (
				84B00939290F9DF4008208C5 /* Base */,
			);
			name = Main.storyboard;
			sourceTree = "<group>";
		};
		84B0093D290F9DF4008208C5 /* LaunchScreen.storyboard */ = {
			isa = PBXVariantGroup;
			children = (
				84B0093E290F9DF4008208C5 /* Base */,
			);
			name = LaunchScreen.storyboard;
			sourceTree = "<group>";
		};
/* End PBXVariantGroup section */

/* Begin XCBuildConfiguration section */
		84B00941290F9DF4008208C5 /* Debug */ = {
			isa = XCBuildConfiguration;
			buildSettings = {
				ALWAYS_SEARCH_USER_PATHS = NO;
				CLANG_ANALYZER_NONNULL = YES;
				CLANG_ANALYZER_NUMBER_OBJECT_CONVERSION = YES_AGGRESSIVE;
				CLANG_CXX_LANGUAGE_STANDARD = "gnu++17";
				CLANG_ENABLE_MODULES = YES;
				CLANG_ENABLE_OBJC_ARC = YES;
				CLANG_ENABLE_OBJC_WEAK = YES;
				CLANG_WARN_BLOCK_CAPTURE_AUTORELEASING = YES;
				CLANG_WARN_BOOL_CONVERSION = YES;
				CLANG_WARN_COMMA = YES;
				CLANG_WARN_CONSTANT_CONVERSION = YES;
				CLANG_WARN_DEPRECATED_OBJC_IMPLEMENTATIONS = YES;
				CLANG_WARN_DIRECT_OBJC_ISA_USAGE = YES_ERROR;
				CLANG_WARN_DOCUMENTATION_COMMENTS = YES;
				CLANG_WARN_EMPTY_BODY = YES;
				CLANG_WARN_ENUM_CONVERSION = YES;
				CLANG_WARN_INFINITE_RECURSION = YES;
				CLANG_WARN_INT_CONVERSION = YES;
				CLANG_WARN_NON_LITERAL_NULL_CONVERSION = YES;
				CLANG_WARN_OBJC_IMPLICIT_RETAIN_SELF = YES;
				CLANG_WARN_OBJC_LITERAL_CONVERSION = YES;
				CLANG_WARN_OBJC_ROOT_CLASS = YES_ERROR;
				CLANG_WARN_QUOTED_INCLUDE_IN_FRAMEWORK_HEADER = YES;
				CLANG_WARN_RANGE_LOOP_ANALYSIS = YES;
				CLANG_WARN_STRICT_PROTOTYPES = YES;
				CLANG_WARN_SUSPICIOUS_MOVE = YES;
				CLANG_WARN_UNGUARDED_AVAILABILITY = YES_AGGRESSIVE;
				CLANG_WARN_UNREACHABLE_CODE = YES;
				CLANG_WARN__DUPLICATE_METHOD_MATCH = YES;
				COPY_PHASE_STRIP = NO;
				DEBUG_INFORMATION_FORMAT = dwarf;
				ENABLE_STRICT_OBJC_MSGSEND = YES;
				ENABLE_TESTABILITY = YES;
				GCC_C_LANGUAGE_STANDARD = gnu11;
				GCC_DYNAMIC_NO_PIC = NO;
				GCC_NO_COMMON_BLOCKS = YES;
				GCC_OPTIMIZATION_LEVEL = 0;
				GCC_PREPROCESSOR_DEFINITIONS = (
					"DEBUG=1",
					"$(inherited)",
				);
				GCC_WARN_64_TO_32_BIT_CONVERSION = YES;
				GCC_WARN_ABOUT_RETURN_TYPE = YES_ERROR;
				GCC_WARN_UNDECLARED_SELECTOR = YES;
				GCC_WARN_UNINITIALIZED_AUTOS = YES_AGGRESSIVE;
				GCC_WARN_UNUSED_FUNCTION = YES;
				GCC_WARN_UNUSED_VARIABLE = YES;
				IPHONEOS_DEPLOYMENT_TARGET = 15.5;
				MTL_ENABLE_DEBUG_INFO = INCLUDE_SOURCE;
				MTL_FAST_MATH = YES;
				ONLY_ACTIVE_ARCH = YES;
				SDKROOT = iphoneos;
				SWIFT_ACTIVE_COMPILATION_CONDITIONS = DEBUG;
				SWIFT_OPTIMIZATION_LEVEL = "-Onone";
			};
			name = Debug;
		};
		84B00942290F9DF4008208C5 /* Release */ = {
			isa = XCBuildConfiguration;
			buildSettings = {
				ALWAYS_SEARCH_USER_PATHS = NO;
				CLANG_ANALYZER_NONNULL = YES;
				CLANG_ANALYZER_NUMBER_OBJECT_CONVERSION = YES_AGGRESSIVE;
				CLANG_CXX_LANGUAGE_STANDARD = "gnu++17";
				CLANG_ENABLE_MODULES = YES;
				CLANG_ENABLE_OBJC_ARC = YES;
				CLANG_ENABLE_OBJC_WEAK = YES;
				CLANG_WARN_BLOCK_CAPTURE_AUTORELEASING = YES;
				CLANG_WARN_BOOL_CONVERSION = YES;
				CLANG_WARN_COMMA = YES;
				CLANG_WARN_CONSTANT_CONVERSION = YES;
				CLANG_WARN_DEPRECATED_OBJC_IMPLEMENTATIONS = YES;
				CLANG_WARN_DIRECT_OBJC_ISA_USAGE = YES_ERROR;
				CLANG_WARN_DOCUMENTATION_COMMENTS = YES;
				CLANG_WARN_EMPTY_BODY = YES;
				CLANG_WARN_ENUM_CONVERSION = YES;
				CLANG_WARN_INFINITE_RECURSION = YES;
				CLANG_WARN_INT_CONVERSION = YES;
				CLANG_WARN_NON_LITERAL_NULL_CONVERSION = YES;
				CLANG_WARN_OBJC_IMPLICIT_RETAIN_SELF = YES;
				CLANG_WARN_OBJC_LITERAL_CONVERSION = YES;
				CLANG_WARN_OBJC_ROOT_CLASS = YES_ERROR;
				CLANG_WARN_QUOTED_INCLUDE_IN_FRAMEWORK_HEADER = YES;
				CLANG_WARN_RANGE_LOOP_ANALYSIS = YES;
				CLANG_WARN_STRICT_PROTOTYPES = YES;
				CLANG_WARN_SUSPICIOUS_MOVE = YES;
				CLANG_WARN_UNGUARDED_AVAILABILITY = YES_AGGRESSIVE;
				CLANG_WARN_UNREACHABLE_CODE = YES;
				CLANG_WARN__DUPLICATE_METHOD_MATCH = YES;
				COPY_PHASE_STRIP = NO;
				DEBUG_INFORMATION_FORMAT = "dwarf-with-dsym";
				ENABLE_NS_ASSERTIONS = NO;
				ENABLE_STRICT_OBJC_MSGSEND = YES;
				GCC_C_LANGUAGE_STANDARD = gnu11;
				GCC_NO_COMMON_BLOCKS = YES;
				GCC_WARN_64_TO_32_BIT_CONVERSION = YES;
				GCC_WARN_ABOUT_RETURN_TYPE = YES_ERROR;
				GCC_WARN_UNDECLARED_SELECTOR = YES;
				GCC_WARN_UNINITIALIZED_AUTOS = YES_AGGRESSIVE;
				GCC_WARN_UNUSED_FUNCTION = YES;
				GCC_WARN_UNUSED_VARIABLE = YES;
				IPHONEOS_DEPLOYMENT_TARGET = 15.5;
				MTL_ENABLE_DEBUG_INFO = NO;
				MTL_FAST_MATH = YES;
				SDKROOT = iphoneos;
				SWIFT_COMPILATION_MODE = wholemodule;
				SWIFT_OPTIMIZATION_LEVEL = "-O";
				VALIDATE_PRODUCT = YES;
			};
			name = Release;
		};
		84B00944290F9DF4008208C5 /* Debug */ = {
			isa = XCBuildConfiguration;
			buildSettings = {
				ASSETCATALOG_COMPILER_APPICON_NAME = AppIcon;
				ASSETCATALOG_COMPILER_GLOBAL_ACCENT_COLOR_NAME = AccentColor;
				CODE_SIGN_STYLE = Automatic;
				CURRENT_PROJECT_VERSION = 1;
				GENERATE_INFOPLIST_FILE = YES;
				INFOPLIST_FILE = constrainCode/Info.plist;
				INFOPLIST_KEY_UIApplicationSupportsIndirectInputEvents = YES;
				INFOPLIST_KEY_UILaunchStoryboardName = LaunchScreen;
				INFOPLIST_KEY_UIMainStoryboardFile = Main;
				INFOPLIST_KEY_UISupportedInterfaceOrientations_iPad = "UIInterfaceOrientationPortrait UIInterfaceOrientationPortraitUpsideDown UIInterfaceOrientationLandscapeLeft UIInterfaceOrientationLandscapeRight";
				INFOPLIST_KEY_UISupportedInterfaceOrientations_iPhone = "UIInterfaceOrientationPortrait UIInterfaceOrientationLandscapeLeft UIInterfaceOrientationLandscapeRight";
				LD_RUNPATH_SEARCH_PATHS = (
					"$(inherited)",
					"@executable_path/Frameworks",
				);
				MARKETING_VERSION = 1.0;
				PRODUCT_BUNDLE_IDENTIFIER = hn.constrainCode;
				PRODUCT_NAME = "$(TARGET_NAME)";
				SWIFT_EMIT_LOC_STRINGS = YES;
				SWIFT_VERSION = 5.0;
				TARGETED_DEVICE_FAMILY = "1,2";
			};
			name = Debug;
		};
		84B00945290F9DF4008208C5 /* Release */ = {
			isa = XCBuildConfiguration;
			buildSettings = {
				ASSETCATALOG_COMPILER_APPICON_NAME = AppIcon;
				ASSETCATALOG_COMPILER_GLOBAL_ACCENT_COLOR_NAME = AccentColor;
				CODE_SIGN_STYLE = Automatic;
				CURRENT_PROJECT_VERSION = 1;
				GENERATE_INFOPLIST_FILE = YES;
				INFOPLIST_FILE = constrainCode/Info.plist;
				INFOPLIST_KEY_UIApplicationSupportsIndirectInputEvents = YES;
				INFOPLIST_KEY_UILaunchStoryboardName = LaunchScreen;
				INFOPLIST_KEY_UIMainStoryboardFile = Main;
				INFOPLIST_KEY_UISupportedInterfaceOrientations_iPad = "UIInterfaceOrientationPortrait UIInterfaceOrientationPortraitUpsideDown UIInterfaceOrientationLandscapeLeft UIInterfaceOrientationLandscapeRight";
				INFOPLIST_KEY_UISupportedInterfaceOrientations_iPhone = "UIInterfaceOrientationPortrait UIInterfaceOrientationLandscapeLeft UIInterfaceOrientationLandscapeRight";
				LD_RUNPATH_SEARCH_PATHS = (
					"$(inherited)",
					"@executable_path/Frameworks",
				);
				MARKETING_VERSION = 1.0;
				PRODUCT_BUNDLE_IDENTIFIER = hn.constrainCode;
				PRODUCT_NAME = "$(TARGET_NAME)";
				SWIFT_EMIT_LOC_STRINGS = YES;
				SWIFT_VERSION = 5.0;
				TARGETED_DEVICE_FAMILY = "1,2";
			};
			name = Release;
		};
/* End XCBuildConfiguration section */

/* Begin XCConfigurationList section */
		84B0092A290F9DF4008208C5 /* Build configuration list for PBXProject "constrainCode" */ = {
			isa = XCConfigurationList;
			buildConfigurations = (
				84B00941290F9DF4008208C5 /* Debug */,
				84B00942290F9DF4008208C5 /* Release */,
			);
			defaultConfigurationIsVisible = 0;
			defaultConfigurationName = Release;
		};
		84B00943290F9DF4008208C5 /* Build configuration list for PBXNativeTarget "constrainCode" */ = {
			isa = XCConfigurationList;
			buildConfigurations = (
				84B00944290F9DF4008208C5 /* Debug */,
				84B00945290F9DF4008208C5 /* Release */,
			);
			defaultConfigurationIsVisible = 0;
			defaultConfigurationName = Release;
		};
/* End XCConfigurationList section */
	};
	rootObject = 84B00927290F9DF4008208C5 /* Project object */;
}
